// !$*UTF8*$!
{
	archiveVersion = 1;
	classes = {
	};
	objectVersion = 46;
	objects = {

/* Begin PBXBuildFile section */
		20250DA613B8EC26006F208B /* UIKit.framework in Frameworks */ = {isa = PBXBuildFile; fileRef = 20250DA513B8EC26006F208B /* UIKit.framework */; };
		20250DA813B8EC26006F208B /* Foundation.framework in Frameworks */ = {isa = PBXBuildFile; fileRef = 20250DA713B8EC26006F208B /* Foundation.framework */; };
		20250DAA13B8EC26006F208B /* CoreGraphics.framework in Frameworks */ = {isa = PBXBuildFile; fileRef = 20250DA913B8EC26006F208B /* CoreGraphics.framework */; };
		20250DAC13B8EC26006F208B /* CoreData.framework in Frameworks */ = {isa = PBXBuildFile; fileRef = 20250DAB13B8EC26006F208B /* CoreData.framework */; };
		20250DB213B8EC26006F208B /* InfoPlist.strings in Resources */ = {isa = PBXBuildFile; fileRef = 20250DB013B8EC26006F208B /* InfoPlist.strings */; };
		20250DB513B8EC26006F208B /* main.m in Sources */ = {isa = PBXBuildFile; fileRef = 20250DB413B8EC26006F208B /* main.m */; };
		20250DB813B8EC26006F208B /* RestKitDevAppDelegate.m in Sources */ = {isa = PBXBuildFile; fileRef = 20250DB713B8EC26006F208B /* RestKitDevAppDelegate.m */; };
		20250DBB13B8EC26006F208B /* RestKitDev.xcdatamodeld in Sources */ = {isa = PBXBuildFile; fileRef = 20250DB913B8EC26006F208B /* RestKitDev.xcdatamodeld */; };
		20250DBF13B8EC26006F208B /* RestKitDevAppDelegate_iPhone.m in Sources */ = {isa = PBXBuildFile; fileRef = 20250DBE13B8EC26006F208B /* RestKitDevAppDelegate_iPhone.m */; };
		20250DC613B8EC26006F208B /* RestKitDevAppDelegate_iPad.m in Sources */ = {isa = PBXBuildFile; fileRef = 20250DC513B8EC26006F208B /* RestKitDevAppDelegate_iPad.m */; };
		20250DD013B8EC26006F208B /* UIKit.framework in Frameworks */ = {isa = PBXBuildFile; fileRef = 20250DA513B8EC26006F208B /* UIKit.framework */; };
		20250DD113B8EC26006F208B /* Foundation.framework in Frameworks */ = {isa = PBXBuildFile; fileRef = 20250DA713B8EC26006F208B /* Foundation.framework */; };
		20250DD213B8EC26006F208B /* CoreGraphics.framework in Frameworks */ = {isa = PBXBuildFile; fileRef = 20250DA913B8EC26006F208B /* CoreGraphics.framework */; };
		20250DD313B8EC26006F208B /* CoreData.framework in Frameworks */ = {isa = PBXBuildFile; fileRef = 20250DAB13B8EC26006F208B /* CoreData.framework */; };
		20250DDB13B8EC26006F208B /* InfoPlist.strings in Resources */ = {isa = PBXBuildFile; fileRef = 20250DD913B8EC26006F208B /* InfoPlist.strings */; };
		20250DDE13B8EC26006F208B /* RestKitDevTests.h in Resources */ = {isa = PBXBuildFile; fileRef = 20250DDD13B8EC26006F208B /* RestKitDevTests.h */; };
		20250DE013B8EC26006F208B /* RestKitDevTests.m in Sources */ = {isa = PBXBuildFile; fileRef = 20250DDF13B8EC26006F208B /* RestKitDevTests.m */; };
		20250EDD13B8F0BB006F208B /* CFNetwork.framework in Frameworks */ = {isa = PBXBuildFile; fileRef = 20250ED813B8F0BB006F208B /* CFNetwork.framework */; };
		20250EDE13B8F0BB006F208B /* libxml2.dylib in Frameworks */ = {isa = PBXBuildFile; fileRef = 20250EDA13B8F0BB006F208B /* libxml2.dylib */; };
		20250EDF13B8F0BB006F208B /* MobileCoreServices.framework in Frameworks */ = {isa = PBXBuildFile; fileRef = 20250EDB13B8F0BB006F208B /* MobileCoreServices.framework */; };
		20250EE013B8F0BB006F208B /* SystemConfiguration.framework in Frameworks */ = {isa = PBXBuildFile; fileRef = 20250EDC13B8F0BB006F208B /* SystemConfiguration.framework */; };
		2025113B13BA189E006F208B /* RecordsListTableViewController.m in Sources */ = {isa = PBXBuildFile; fileRef = 2025113A13BA189E006F208B /* RecordsListTableViewController.m */; };
		2025120113BA1DB1006F208B /* Record.m in Sources */ = {isa = PBXBuildFile; fileRef = 2025120013BA1DB1006F208B /* Record.m */; };
		202514B513BA3851006F208B /* RecordAddViewController.m in Sources */ = {isa = PBXBuildFile; fileRef = 202514B313BA3850006F208B /* RecordAddViewController.m */; };
		202514B613BA3851006F208B /* RecordAddViewController.xib in Resources */ = {isa = PBXBuildFile; fileRef = 202514B413BA3851006F208B /* RecordAddViewController.xib */; };
		208004FE14EB0E980052EB8C /* MainStoryBoard_iPhone.storyboard in Resources */ = {isa = PBXBuildFile; fileRef = 208004FD14EB0E980052EB8C /* MainStoryBoard_iPhone.storyboard */; };
		2080051414EB12910052EB8C /* Security.framework in Frameworks */ = {isa = PBXBuildFile; fileRef = 2080051314EB12910052EB8C /* Security.framework */; };
		2080051514EB129E0052EB8C /* libRestKit.a in Frameworks */ = {isa = PBXBuildFile; fileRef = 2080050A14EB12330052EB8C /* libRestKit.a */; };
		320AF8492C47A4D819F7C451 /* QuartzCore.framework in Frameworks */ = {isa = PBXBuildFile; fileRef = 320AF8492C47A4D819F7C450 /* QuartzCore.framework */; };
/* End PBXBuildFile section */

/* Begin PBXContainerItemProxy section */
		2015F2AB153D129800CB3BFB /* PBXContainerItemProxy */ = {
			isa = PBXContainerItemProxy;
			containerPortal = 208004FF14EB12320052EB8C /* RestKit.xcodeproj */;
			proxyType = 2;
			remoteGlobalIDString = 259C301615128079003066A2;
			remoteInfo = RestKitResources;
		};
		20250DD413B8EC26006F208B /* PBXContainerItemProxy */ = {
			isa = PBXContainerItemProxy;
			containerPortal = 20250D9813B8EC26006F208B /* Project object */;
			proxyType = 1;
			remoteGlobalIDString = 20250DA013B8EC26006F208B;
			remoteInfo = RestKitDev;
		};
		2080050914EB12330052EB8C /* PBXContainerItemProxy */ = {
			isa = PBXContainerItemProxy;
			containerPortal = 208004FF14EB12320052EB8C /* RestKit.xcodeproj */;
			proxyType = 2;
			remoteGlobalIDString = 25160D1614564E810060A5C5;
			remoteInfo = RestKit;
		};
		2080050B14EB12330052EB8C /* PBXContainerItemProxy */ = {
			isa = PBXContainerItemProxy;
			containerPortal = 208004FF14EB12320052EB8C /* RestKit.xcodeproj */;
			proxyType = 2;
			remoteGlobalIDString = 25160D2614564E820060A5C5;
			remoteInfo = RestKitTests;
		};
		2080050D14EB12330052EB8C /* PBXContainerItemProxy */ = {
			isa = PBXContainerItemProxy;
			containerPortal = 208004FF14EB12320052EB8C /* RestKit.xcodeproj */;
			proxyType = 2;
			remoteGlobalIDString = 25160E62145651060060A5C5;
			remoteInfo = RestKitFramework;
		};
		2080050F14EB12330052EB8C /* PBXContainerItemProxy */ = {
			isa = PBXContainerItemProxy;
			containerPortal = 208004FF14EB12320052EB8C /* RestKit.xcodeproj */;
			proxyType = 2;
			remoteGlobalIDString = 25160E78145651060060A5C5;
			remoteInfo = RestKitFrameworkTests;
		};
		2080051114EB12790052EB8C /* PBXContainerItemProxy */ = {
			isa = PBXContainerItemProxy;
			containerPortal = 208004FF14EB12320052EB8C /* RestKit.xcodeproj */;
			proxyType = 1;
			remoteGlobalIDString = 25160D1514564E810060A5C5;
			remoteInfo = RestKit;
		};
/* End PBXContainerItemProxy section */

/* Begin PBXFileReference section */
		20250DA113B8EC26006F208B /* RestKitDev.app */ = {isa = PBXFileReference; explicitFileType = wrapper.application; includeInIndex = 0; path = RestKitDev.app; sourceTree = BUILT_PRODUCTS_DIR; };
		20250DA513B8EC26006F208B /* UIKit.framework */ = {isa = PBXFileReference; lastKnownFileType = wrapper.framework; name = UIKit.framework; path = System/Library/Frameworks/UIKit.framework; sourceTree = SDKROOT; };
		20250DA713B8EC26006F208B /* Foundation.framework */ = {isa = PBXFileReference; lastKnownFileType = wrapper.framework; name = Foundation.framework; path = System/Library/Frameworks/Foundation.framework; sourceTree = SDKROOT; };
		20250DA913B8EC26006F208B /* CoreGraphics.framework */ = {isa = PBXFileReference; lastKnownFileType = wrapper.framework; name = CoreGraphics.framework; path = System/Library/Frameworks/CoreGraphics.framework; sourceTree = SDKROOT; };
		20250DAB13B8EC26006F208B /* CoreData.framework */ = {isa = PBXFileReference; lastKnownFileType = wrapper.framework; name = CoreData.framework; path = System/Library/Frameworks/CoreData.framework; sourceTree = SDKROOT; };
		20250DAF13B8EC26006F208B /* RestKitDev-Info.plist */ = {isa = PBXFileReference; lastKnownFileType = text.plist.xml; path = "RestKitDev-Info.plist"; sourceTree = "<group>"; };
		20250DB113B8EC26006F208B /* en */ = {isa = PBXFileReference; lastKnownFileType = text.plist.strings; name = en; path = en.lproj/InfoPlist.strings; sourceTree = "<group>"; };
		20250DB313B8EC26006F208B /* RestKitDev-Prefix.pch */ = {isa = PBXFileReference; lastKnownFileType = sourcecode.c.h; path = "RestKitDev-Prefix.pch"; sourceTree = "<group>"; };
		20250DB413B8EC26006F208B /* main.m */ = {isa = PBXFileReference; lastKnownFileType = sourcecode.c.objc; path = main.m; sourceTree = "<group>"; };
		20250DB613B8EC26006F208B /* RestKitDevAppDelegate.h */ = {isa = PBXFileReference; lastKnownFileType = sourcecode.c.h; path = RestKitDevAppDelegate.h; sourceTree = "<group>"; };
		20250DB713B8EC26006F208B /* RestKitDevAppDelegate.m */ = {isa = PBXFileReference; lastKnownFileType = sourcecode.c.objc; path = RestKitDevAppDelegate.m; sourceTree = "<group>"; };
		20250DBA13B8EC26006F208B /* RestKitDev.xcdatamodel */ = {isa = PBXFileReference; lastKnownFileType = wrapper.xcdatamodel; path = RestKitDev.xcdatamodel; sourceTree = "<group>"; };
		20250DBD13B8EC26006F208B /* RestKitDevAppDelegate_iPhone.h */ = {isa = PBXFileReference; lastKnownFileType = sourcecode.c.h; name = RestKitDevAppDelegate_iPhone.h; path = iPhone/RestKitDevAppDelegate_iPhone.h; sourceTree = "<group>"; };
		20250DBE13B8EC26006F208B /* RestKitDevAppDelegate_iPhone.m */ = {isa = PBXFileReference; lastKnownFileType = sourcecode.c.objc; name = RestKitDevAppDelegate_iPhone.m; path = iPhone/RestKitDevAppDelegate_iPhone.m; sourceTree = "<group>"; };
		20250DC413B8EC26006F208B /* RestKitDevAppDelegate_iPad.h */ = {isa = PBXFileReference; lastKnownFileType = sourcecode.c.h; name = RestKitDevAppDelegate_iPad.h; path = iPad/RestKitDevAppDelegate_iPad.h; sourceTree = "<group>"; };
		20250DC513B8EC26006F208B /* RestKitDevAppDelegate_iPad.m */ = {isa = PBXFileReference; lastKnownFileType = sourcecode.c.objc; name = RestKitDevAppDelegate_iPad.m; path = iPad/RestKitDevAppDelegate_iPad.m; sourceTree = "<group>"; };
		20250DCF13B8EC26006F208B /* RestKitDevTests.octest */ = {isa = PBXFileReference; explicitFileType = wrapper.cfbundle; includeInIndex = 0; path = RestKitDevTests.octest; sourceTree = BUILT_PRODUCTS_DIR; };
		20250DD813B8EC26006F208B /* RestKitDevTests-Info.plist */ = {isa = PBXFileReference; lastKnownFileType = text.plist.xml; path = "RestKitDevTests-Info.plist"; sourceTree = "<group>"; };
		20250DDA13B8EC26006F208B /* en */ = {isa = PBXFileReference; lastKnownFileType = text.plist.strings; name = en; path = en.lproj/InfoPlist.strings; sourceTree = "<group>"; };
		20250DDC13B8EC26006F208B /* RestKitDevTests-Prefix.pch */ = {isa = PBXFileReference; lastKnownFileType = sourcecode.c.h; path = "RestKitDevTests-Prefix.pch"; sourceTree = "<group>"; };
		20250DDD13B8EC26006F208B /* RestKitDevTests.h */ = {isa = PBXFileReference; lastKnownFileType = sourcecode.c.h; path = RestKitDevTests.h; sourceTree = "<group>"; };
		20250DDF13B8EC26006F208B /* RestKitDevTests.m */ = {isa = PBXFileReference; lastKnownFileType = sourcecode.c.objc; path = RestKitDevTests.m; sourceTree = "<group>"; };
		20250ED813B8F0BB006F208B /* CFNetwork.framework */ = {isa = PBXFileReference; lastKnownFileType = wrapper.framework; name = CFNetwork.framework; path = System/Library/Frameworks/CFNetwork.framework; sourceTree = SDKROOT; };
		20250ED913B8F0BB006F208B /* CoreData.framework */ = {isa = PBXFileReference; lastKnownFileType = wrapper.framework; name = CoreData.framework; path = System/Library/Frameworks/CoreData.framework; sourceTree = SDKROOT; };
		20250EDA13B8F0BB006F208B /* libxml2.dylib */ = {isa = PBXFileReference; lastKnownFileType = "compiled.mach-o.dylib"; name = libxml2.dylib; path = usr/lib/libxml2.dylib; sourceTree = SDKROOT; };
		20250EDB13B8F0BB006F208B /* MobileCoreServices.framework */ = {isa = PBXFileReference; lastKnownFileType = wrapper.framework; name = MobileCoreServices.framework; path = System/Library/Frameworks/MobileCoreServices.framework; sourceTree = SDKROOT; };
		20250EDC13B8F0BB006F208B /* SystemConfiguration.framework */ = {isa = PBXFileReference; lastKnownFileType = wrapper.framework; name = SystemConfiguration.framework; path = System/Library/Frameworks/SystemConfiguration.framework; sourceTree = SDKROOT; };
		2025113913BA189E006F208B /* RecordsListTableViewController.h */ = {isa = PBXFileReference; fileEncoding = 4; lastKnownFileType = sourcecode.c.h; path = RecordsListTableViewController.h; sourceTree = "<group>"; };
		2025113A13BA189E006F208B /* RecordsListTableViewController.m */ = {isa = PBXFileReference; fileEncoding = 4; lastKnownFileType = sourcecode.c.objc; path = RecordsListTableViewController.m; sourceTree = "<group>"; };
		202511FF13BA1DB1006F208B /* Record.h */ = {isa = PBXFileReference; fileEncoding = 4; lastKnownFileType = sourcecode.c.h; path = Record.h; sourceTree = "<group>"; };
		2025120013BA1DB1006F208B /* Record.m */ = {isa = PBXFileReference; fileEncoding = 4; lastKnownFileType = sourcecode.c.objc; path = Record.m; sourceTree = "<group>"; };
		202514B213BA3850006F208B /* RecordAddViewController.h */ = {isa = PBXFileReference; fileEncoding = 4; lastKnownFileType = sourcecode.c.h; path = RecordAddViewController.h; sourceTree = "<group>"; };
		202514B313BA3850006F208B /* RecordAddViewController.m */ = {isa = PBXFileReference; fileEncoding = 4; lastKnownFileType = sourcecode.c.objc; path = RecordAddViewController.m; sourceTree = "<group>"; };
		202514B413BA3851006F208B /* RecordAddViewController.xib */ = {isa = PBXFileReference; fileEncoding = 4; lastKnownFileType = file.xib; path = RecordAddViewController.xib; sourceTree = "<group>"; };
		208004FD14EB0E980052EB8C /* MainStoryBoard_iPhone.storyboard */ = {isa = PBXFileReference; fileEncoding = 4; lastKnownFileType = file.storyboard; path = MainStoryBoard_iPhone.storyboard; sourceTree = "<group>"; };
		208004FF14EB12320052EB8C /* RestKit.xcodeproj */ = {isa = PBXFileReference; lastKnownFileType = "wrapper.pb-project"; name = RestKit.xcodeproj; path = RestKitDev/RestKit/RestKit.xcodeproj; sourceTree = "<group>"; };
		2080051314EB12910052EB8C /* Security.framework */ = {isa = PBXFileReference; lastKnownFileType = wrapper.framework; name = Security.framework; path = System/Library/Frameworks/Security.framework; sourceTree = SDKROOT; };
		320AF8492C47A4D819F7C450 /* QuartzCore.framework */ = {isa = PBXFileReference; lastKnownFileType = wrapper.framework; name = QuartzCore.framework; path = System/Library/Frameworks/QuartzCore.framework; sourceTree = SDKROOT; };
/* End PBXFileReference section */

/* Begin PBXFrameworksBuildPhase section */
		20250D9E13B8EC26006F208B /* Frameworks */ = {
			isa = PBXFrameworksBuildPhase;
			buildActionMask = 2147483647;
			files = (
				2080051514EB129E0052EB8C /* libRestKit.a in Frameworks */,
				2080051414EB12910052EB8C /* Security.framework in Frameworks */,
				20250EDD13B8F0BB006F208B /* CFNetwork.framework in Frameworks */,
				20250DAC13B8EC26006F208B /* CoreData.framework in Frameworks */,
				20250EDE13B8F0BB006F208B /* libxml2.dylib in Frameworks */,
				20250EDF13B8F0BB006F208B /* MobileCoreServices.framework in Frameworks */,
				20250EE013B8F0BB006F208B /* SystemConfiguration.framework in Frameworks */,
				320AF8492C47A4D819F7C451 /* QuartzCore.framework in Frameworks */,
				20250DA613B8EC26006F208B /* UIKit.framework in Frameworks */,
				20250DA813B8EC26006F208B /* Foundation.framework in Frameworks */,
				20250DAA13B8EC26006F208B /* CoreGraphics.framework in Frameworks */,
			);
			runOnlyForDeploymentPostprocessing = 0;
		};
		20250DCB13B8EC26006F208B /* Frameworks */ = {
			isa = PBXFrameworksBuildPhase;
			buildActionMask = 2147483647;
			files = (
				20250DD013B8EC26006F208B /* UIKit.framework in Frameworks */,
				20250DD113B8EC26006F208B /* Foundation.framework in Frameworks */,
				20250DD213B8EC26006F208B /* CoreGraphics.framework in Frameworks */,
				20250DD313B8EC26006F208B /* CoreData.framework in Frameworks */,
			);
			runOnlyForDeploymentPostprocessing = 0;
		};
/* End PBXFrameworksBuildPhase section */

/* Begin PBXGroup section */
		20250D9613B8EC26006F208B = {
			isa = PBXGroup;
			children = (
				2080051314EB12910052EB8C /* Security.framework */,
				20250DAD13B8EC26006F208B /* RestKitDev */,
				20250DD613B8EC26006F208B /* RestKitDevTests */,
				20250DA413B8EC26006F208B /* Frameworks */,
				20250DA213B8EC26006F208B /* Products */,
			);
			sourceTree = "<group>";
		};
		20250DA213B8EC26006F208B /* Products */ = {
			isa = PBXGroup;
			children = (
				20250DA113B8EC26006F208B /* RestKitDev.app */,
				20250DCF13B8EC26006F208B /* RestKitDevTests.octest */,
			);
			name = Products;
			sourceTree = "<group>";
		};
		20250DA413B8EC26006F208B /* Frameworks */ = {
			isa = PBXGroup;
			children = (
				208004FF14EB12320052EB8C /* RestKit.xcodeproj */,
				20250ED813B8F0BB006F208B /* CFNetwork.framework */,
				20250ED913B8F0BB006F208B /* CoreData.framework */,
				20250EDA13B8F0BB006F208B /* libxml2.dylib */,
				20250EDB13B8F0BB006F208B /* MobileCoreServices.framework */,
				20250EDC13B8F0BB006F208B /* SystemConfiguration.framework */,
				320AF8492C47A4D819F7C450 /* QuartzCore.framework */,
				20250DA513B8EC26006F208B /* UIKit.framework */,
				20250DA713B8EC26006F208B /* Foundation.framework */,
				20250DA913B8EC26006F208B /* CoreGraphics.framework */,
				20250DAB13B8EC26006F208B /* CoreData.framework */,
			);
			name = Frameworks;
			sourceTree = "<group>";
		};
		20250DAD13B8EC26006F208B /* RestKitDev */ = {
			isa = PBXGroup;
			children = (
				20250DB613B8EC26006F208B /* RestKitDevAppDelegate.h */,
				20250DB713B8EC26006F208B /* RestKitDevAppDelegate.m */,
				202511FF13BA1DB1006F208B /* Record.h */,
				2025120013BA1DB1006F208B /* Record.m */,
				20250DB913B8EC26006F208B /* RestKitDev.xcdatamodeld */,
				20250DBC13B8EC26006F208B /* iPhone */,
				20250DC313B8EC26006F208B /* iPad */,
				20250DAE13B8EC26006F208B /* Supporting Files */,
				202514B213BA3850006F208B /* RecordAddViewController.h */,
				202514B313BA3850006F208B /* RecordAddViewController.m */,
				202514B413BA3851006F208B /* RecordAddViewController.xib */,
				208004FD14EB0E980052EB8C /* MainStoryBoard_iPhone.storyboard */,
				2025113913BA189E006F208B /* RecordsListTableViewController.h */,
				2025113A13BA189E006F208B /* RecordsListTableViewController.m */,
			);
			path = RestKitDev;
			sourceTree = "<group>";
		};
		20250DAE13B8EC26006F208B /* Supporting Files */ = {
			isa = PBXGroup;
			children = (
				20250DAF13B8EC26006F208B /* RestKitDev-Info.plist */,
				20250DB013B8EC26006F208B /* InfoPlist.strings */,
				20250DB313B8EC26006F208B /* RestKitDev-Prefix.pch */,
				20250DB413B8EC26006F208B /* main.m */,
			);
			name = "Supporting Files";
			sourceTree = "<group>";
		};
		20250DBC13B8EC26006F208B /* iPhone */ = {
			isa = PBXGroup;
			children = (
				20250DBD13B8EC26006F208B /* RestKitDevAppDelegate_iPhone.h */,
				20250DBE13B8EC26006F208B /* RestKitDevAppDelegate_iPhone.m */,
			);
			name = iPhone;
			sourceTree = "<group>";
		};
		20250DC313B8EC26006F208B /* iPad */ = {
			isa = PBXGroup;
			children = (
				20250DC413B8EC26006F208B /* RestKitDevAppDelegate_iPad.h */,
				20250DC513B8EC26006F208B /* RestKitDevAppDelegate_iPad.m */,
			);
			name = iPad;
			sourceTree = "<group>";
		};
		20250DD613B8EC26006F208B /* RestKitDevTests */ = {
			isa = PBXGroup;
			children = (
				20250DDD13B8EC26006F208B /* RestKitDevTests.h */,
				20250DDF13B8EC26006F208B /* RestKitDevTests.m */,
				20250DD713B8EC26006F208B /* Supporting Files */,
			);
			path = RestKitDevTests;
			sourceTree = "<group>";
		};
		20250DD713B8EC26006F208B /* Supporting Files */ = {
			isa = PBXGroup;
			children = (
				20250DD813B8EC26006F208B /* RestKitDevTests-Info.plist */,
				20250DD913B8EC26006F208B /* InfoPlist.strings */,
				20250DDC13B8EC26006F208B /* RestKitDevTests-Prefix.pch */,
			);
			name = "Supporting Files";
			sourceTree = "<group>";
		};
		2080050014EB12320052EB8C /* Products */ = {
			isa = PBXGroup;
			children = (
				2080050A14EB12330052EB8C /* libRestKit.a */,
				2080050C14EB12330052EB8C /* RestKitTests.octest */,
				2080050E14EB12330052EB8C /* RestKit.framework */,
				2080051014EB12330052EB8C /* RestKitFrameworkTests.octest */,
				2015F2AC153D129800CB3BFB /* RestKitResources.bundle */,
			);
			name = Products;
			sourceTree = "<group>";
		};
/* End PBXGroup section */

/* Begin PBXNativeTarget section */
		20250DA013B8EC26006F208B /* RestKitDev */ = {
			isa = PBXNativeTarget;
			buildConfigurationList = 20250DE313B8EC26006F208B /* Build configuration list for PBXNativeTarget "RestKitDev" */;
			buildPhases = (
				20250D9D13B8EC26006F208B /* Sources */,
				20250D9E13B8EC26006F208B /* Frameworks */,
				20250D9F13B8EC26006F208B /* Resources */,
			);
			buildRules = (
			);
			dependencies = (
				2080051214EB12790052EB8C /* PBXTargetDependency */,
			);
			name = RestKitDev;
			productName = RestKitDev;
			productReference = 20250DA113B8EC26006F208B /* RestKitDev.app */;
			productType = "com.apple.product-type.application";
		};
		20250DCE13B8EC26006F208B /* RestKitDevTests */ = {
			isa = PBXNativeTarget;
			buildConfigurationList = 20250DE613B8EC26006F208B /* Build configuration list for PBXNativeTarget "RestKitDevTests" */;
			buildPhases = (
				20250DCA13B8EC26006F208B /* Sources */,
				20250DCB13B8EC26006F208B /* Frameworks */,
				20250DCC13B8EC26006F208B /* Resources */,
				20250DCD13B8EC26006F208B /* ShellScript */,
			);
			buildRules = (
			);
			dependencies = (
				20250DD513B8EC26006F208B /* PBXTargetDependency */,
			);
			name = RestKitDevTests;
			productName = RestKitDevTests;
			productReference = 20250DCF13B8EC26006F208B /* RestKitDevTests.octest */;
			productType = "com.apple.product-type.bundle";
		};
/* End PBXNativeTarget section */

/* Begin PBXProject section */
		20250D9813B8EC26006F208B /* Project object */ = {
			isa = PBXProject;
			attributes = {
				ORGANIZATIONNAME = NewAperio;
			};
			buildConfigurationList = 20250D9B13B8EC26006F208B /* Build configuration list for PBXProject "RestKitDev" */;
			compatibilityVersion = "Xcode 3.2";
			developmentRegion = English;
			hasScannedForEncodings = 0;
			knownRegions = (
				en,
			);
			mainGroup = 20250D9613B8EC26006F208B;
			productRefGroup = 20250DA213B8EC26006F208B /* Products */;
			projectDirPath = "";
			projectReferences = (
				{
					ProductGroup = 2080050014EB12320052EB8C /* Products */;
					ProjectRef = 208004FF14EB12320052EB8C /* RestKit.xcodeproj */;
				},
			);
			projectRoot = "";
			targets = (
				20250DA013B8EC26006F208B /* RestKitDev */,
				20250DCE13B8EC26006F208B /* RestKitDevTests */,
			);
		};
/* End PBXProject section */

/* Begin PBXReferenceProxy section */
		2015F2AC153D129800CB3BFB /* RestKitResources.bundle */ = {
			isa = PBXReferenceProxy;
			fileType = wrapper.cfbundle;
			path = RestKitResources.bundle;
			remoteRef = 2015F2AB153D129800CB3BFB /* PBXContainerItemProxy */;
			sourceTree = BUILT_PRODUCTS_DIR;
		};
		2080050A14EB12330052EB8C /* libRestKit.a */ = {
			isa = PBXReferenceProxy;
			fileType = archive.ar;
			path = libRestKit.a;
			remoteRef = 2080050914EB12330052EB8C /* PBXContainerItemProxy */;
			sourceTree = BUILT_PRODUCTS_DIR;
		};
		2080050C14EB12330052EB8C /* RestKitTests.octest */ = {
			isa = PBXReferenceProxy;
			fileType = wrapper.cfbundle;
			path = RestKitTests.octest;
			remoteRef = 2080050B14EB12330052EB8C /* PBXContainerItemProxy */;
			sourceTree = BUILT_PRODUCTS_DIR;
		};
		2080050E14EB12330052EB8C /* RestKit.framework */ = {
			isa = PBXReferenceProxy;
			fileType = wrapper.framework;
			path = RestKit.framework;
			remoteRef = 2080050D14EB12330052EB8C /* PBXContainerItemProxy */;
			sourceTree = BUILT_PRODUCTS_DIR;
		};
		2080051014EB12330052EB8C /* RestKitFrameworkTests.octest */ = {
			isa = PBXReferenceProxy;
			fileType = wrapper.cfbundle;
			path = RestKitFrameworkTests.octest;
			remoteRef = 2080050F14EB12330052EB8C /* PBXContainerItemProxy */;
			sourceTree = BUILT_PRODUCTS_DIR;
		};
/* End PBXReferenceProxy section */

/* Begin PBXResourcesBuildPhase section */
		20250D9F13B8EC26006F208B /* Resources */ = {
			isa = PBXResourcesBuildPhase;
			buildActionMask = 2147483647;
			files = (
				20250DB213B8EC26006F208B /* InfoPlist.strings in Resources */,
				202514B613BA3851006F208B /* RecordAddViewController.xib in Resources */,
				208004FE14EB0E980052EB8C /* MainStoryBoard_iPhone.storyboard in Resources */,
			);
			runOnlyForDeploymentPostprocessing = 0;
		};
		20250DCC13B8EC26006F208B /* Resources */ = {
			isa = PBXResourcesBuildPhase;
			buildActionMask = 2147483647;
			files = (
				20250DDB13B8EC26006F208B /* InfoPlist.strings in Resources */,
				20250DDE13B8EC26006F208B /* RestKitDevTests.h in Resources */,
			);
			runOnlyForDeploymentPostprocessing = 0;
		};
/* End PBXResourcesBuildPhase section */

/* Begin PBXShellScriptBuildPhase section */
		20250DCD13B8EC26006F208B /* ShellScript */ = {
			isa = PBXShellScriptBuildPhase;
			buildActionMask = 2147483647;
			files = (
			);
			inputPaths = (
			);
			outputPaths = (
			);
			runOnlyForDeploymentPostprocessing = 0;
			shellPath = /bin/sh;
			shellScript = "# Run the unit tests in this test bundle.\n\"${SYSTEM_DEVELOPER_DIR}/Tools/RunUnitTests\"\n";
		};
/* End PBXShellScriptBuildPhase section */

/* Begin PBXSourcesBuildPhase section */
		20250D9D13B8EC26006F208B /* Sources */ = {
			isa = PBXSourcesBuildPhase;
			buildActionMask = 2147483647;
			files = (
				20250DB513B8EC26006F208B /* main.m in Sources */,
				20250DB813B8EC26006F208B /* RestKitDevAppDelegate.m in Sources */,
				20250DBB13B8EC26006F208B /* RestKitDev.xcdatamodeld in Sources */,
				20250DBF13B8EC26006F208B /* RestKitDevAppDelegate_iPhone.m in Sources */,
				20250DC613B8EC26006F208B /* RestKitDevAppDelegate_iPad.m in Sources */,
				2025113B13BA189E006F208B /* RecordsListTableViewController.m in Sources */,
				2025120113BA1DB1006F208B /* Record.m in Sources */,
				202514B513BA3851006F208B /* RecordAddViewController.m in Sources */,
			);
			runOnlyForDeploymentPostprocessing = 0;
		};
		20250DCA13B8EC26006F208B /* Sources */ = {
			isa = PBXSourcesBuildPhase;
			buildActionMask = 2147483647;
			files = (
				20250DE013B8EC26006F208B /* RestKitDevTests.m in Sources */,
			);
			runOnlyForDeploymentPostprocessing = 0;
		};
/* End PBXSourcesBuildPhase section */

/* Begin PBXTargetDependency section */
		20250DD513B8EC26006F208B /* PBXTargetDependency */ = {
			isa = PBXTargetDependency;
			target = 20250DA013B8EC26006F208B /* RestKitDev */;
			targetProxy = 20250DD413B8EC26006F208B /* PBXContainerItemProxy */;
		};
		2080051214EB12790052EB8C /* PBXTargetDependency */ = {
			isa = PBXTargetDependency;
			name = RestKit;
			targetProxy = 2080051114EB12790052EB8C /* PBXContainerItemProxy */;
		};
/* End PBXTargetDependency section */

/* Begin PBXVariantGroup section */
		20250DB013B8EC26006F208B /* InfoPlist.strings */ = {
			isa = PBXVariantGroup;
			children = (
				20250DB113B8EC26006F208B /* en */,
			);
			name = InfoPlist.strings;
			sourceTree = "<group>";
		};
		20250DD913B8EC26006F208B /* InfoPlist.strings */ = {
			isa = PBXVariantGroup;
			children = (
				20250DDA13B8EC26006F208B /* en */,
			);
			name = InfoPlist.strings;
			sourceTree = "<group>";
		};
/* End PBXVariantGroup section */

/* Begin XCBuildConfiguration section */
		20250DE113B8EC26006F208B /* Debug */ = {
			isa = XCBuildConfiguration;
			buildSettings = {
				ARCHS = "$(ARCHS_STANDARD_32_BIT)";
				"CODE_SIGN_IDENTITY[sdk=iphoneos*]" = "iPhone Developer";
				GCC_C_LANGUAGE_STANDARD = gnu99;
				GCC_OPTIMIZATION_LEVEL = 0;
				GCC_PREPROCESSOR_DEFINITIONS = DEBUG;
				GCC_SYMBOLS_PRIVATE_EXTERN = NO;
				GCC_VERSION = com.apple.compilers.llvmgcc42;
				GCC_WARN_ABOUT_RETURN_TYPE = YES;
				GCC_WARN_UNUSED_VARIABLE = YES;
				HEADER_SEARCH_PATHS = "\"$(BUILT_PRODUCTS_DIR)/../../Headers\"";
				IPHONEOS_DEPLOYMENT_TARGET = 4.3;
				LIBRARY_SEARCH_PATHS = "$(SOURCE_ROOT)/RestKit/Build/$(BUILD_STYLE)-$(PLATFORM_NAME)";
				OTHER_LDFLAGS = (
					"-ObjC",
					"-all_load",
				);
				SDKROOT = iphoneos;
				TARGETED_DEVICE_FAMILY = "1,2";
			};
			name = Debug;
		};
		20250DE213B8EC26006F208B /* Release */ = {
			isa = XCBuildConfiguration;
			buildSettings = {
				ARCHS = "$(ARCHS_STANDARD_32_BIT)";
				"CODE_SIGN_IDENTITY[sdk=iphoneos*]" = "iPhone Developer";
				GCC_C_LANGUAGE_STANDARD = gnu99;
				GCC_VERSION = com.apple.compilers.llvmgcc42;
				GCC_WARN_ABOUT_RETURN_TYPE = YES;
				GCC_WARN_UNUSED_VARIABLE = YES;
				HEADER_SEARCH_PATHS = "\"$(BUILT_PRODUCTS_DIR)/../../Headers\"";
				IPHONEOS_DEPLOYMENT_TARGET = 4.3;
				LIBRARY_SEARCH_PATHS = "$(SOURCE_ROOT)/RestKit/Build/$(BUILD_STYLE)-$(PLATFORM_NAME)";
				OTHER_CFLAGS = "-DNS_BLOCK_ASSERTIONS=1";
				OTHER_LDFLAGS = (
					"-ObjC",
					"-all_load",
				);
				SDKROOT = iphoneos;
				TARGETED_DEVICE_FAMILY = "1,2";
			};
			name = Release;
		};
		20250DE413B8EC26006F208B /* Debug */ = {
			isa = XCBuildConfiguration;
			buildSettings = {
				ALWAYS_SEARCH_USER_PATHS = NO;
				COPY_PHASE_STRIP = NO;
				GCC_DYNAMIC_NO_PIC = NO;
				GCC_PRECOMPILE_PREFIX_HEADER = YES;
				GCC_PREFIX_HEADER = "RestKitDev/RestKitDev-Prefix.pch";
				INFOPLIST_FILE = "RestKitDev/RestKitDev-Info.plist";
				IPHONEOS_DEPLOYMENT_TARGET = 5.0;
				LIBRARY_SEARCH_PATHS = (
					"$(inherited)",
					"\"$(SRCROOT)\"",
				);
				PRODUCT_NAME = "$(TARGET_NAME)";
				WRAPPER_EXTENSION = app;
			};
			name = Debug;
		};
		20250DE513B8EC26006F208B /* Release */ = {
			isa = XCBuildConfiguration;
			buildSettings = {
				ALWAYS_SEARCH_USER_PATHS = NO;
				COPY_PHASE_STRIP = YES;
				GCC_PRECOMPILE_PREFIX_HEADER = YES;
				GCC_PREFIX_HEADER = "RestKitDev/RestKitDev-Prefix.pch";
				INFOPLIST_FILE = "RestKitDev/RestKitDev-Info.plist";
				IPHONEOS_DEPLOYMENT_TARGET = 5.0;
				LIBRARY_SEARCH_PATHS = (
					"$(inherited)",
					"\"$(SRCROOT)\"",
				);
				PRODUCT_NAME = "$(TARGET_NAME)";
				VALIDATE_PRODUCT = YES;
				WRAPPER_EXTENSION = app;
			};
			name = Release;
		};
		20250DE713B8EC26006F208B /* Debug */ = {
			isa = XCBuildConfiguration;
			buildSettings = {
				ALWAYS_SEARCH_USER_PATHS = NO;
				BUNDLE_LOADER = "$(BUILT_PRODUCTS_DIR)/RestKitDev.app/RestKitDev";
				FRAMEWORK_SEARCH_PATHS = (
					"$(SDKROOT)/Developer/Library/Frameworks",
					"$(DEVELOPER_LIBRARY_DIR)/Frameworks",
				);
				GCC_PRECOMPILE_PREFIX_HEADER = YES;
				GCC_PREFIX_HEADER = "RestKitDevTests/RestKitDevTests-Prefix.pch";
				INFOPLIST_FILE = "RestKitDevTests/RestKitDevTests-Info.plist";
				OTHER_LDFLAGS = (
					"-framework",
					SenTestingKit,
				);
				PRODUCT_NAME = "$(TARGET_NAME)";
				TEST_HOST = "$(BUNDLE_LOADER)";
				WRAPPER_EXTENSION = octest;
			};
			name = Debug;
		};
		20250DE813B8EC26006F208B /* Release */ = {
			isa = XCBuildConfiguration;
			buildSettings = {
				ALWAYS_SEARCH_USER_PATHS = NO;
				BUNDLE_LOADER = "$(BUILT_PRODUCTS_DIR)/RestKitDev.app/RestKitDev";
				FRAMEWORK_SEARCH_PATHS = (
					"$(SDKROOT)/Developer/Library/Frameworks",
					"$(DEVELOPER_LIBRARY_DIR)/Frameworks",
				);
				GCC_PRECOMPILE_PREFIX_HEADER = YES;
				GCC_PREFIX_HEADER = "RestKitDevTests/RestKitDevTests-Prefix.pch";
				INFOPLIST_FILE = "RestKitDevTests/RestKitDevTests-Info.plist";
				OTHER_LDFLAGS = (
					"-framework",
					SenTestingKit,
				);
				PRODUCT_NAME = "$(TARGET_NAME)";
				TEST_HOST = "$(BUNDLE_LOADER)";
				WRAPPER_EXTENSION = octest;
			};
			name = Release;
		};
/* End XCBuildConfiguration section */

/* Begin XCConfigurationList section */
		20250D9B13B8EC26006F208B /* Build configuration list for PBXProject "RestKitDev" */ = {
			isa = XCConfigurationList;
			buildConfigurations = (
				20250DE113B8EC26006F208B /* Debug */,
				20250DE213B8EC26006F208B /* Release */,
			);
			defaultConfigurationIsVisible = 0;
			defaultConfigurationName = Release;
		};
		20250DE313B8EC26006F208B /* Build configuration list for PBXNativeTarget "RestKitDev" */ = {
			isa = XCConfigurationList;
			buildConfigurations = (
				20250DE413B8EC26006F208B /* Debug */,
				20250DE513B8EC26006F208B /* Release */,
			);
			defaultConfigurationIsVisible = 0;
			defaultConfigurationName = Release;
		};
		20250DE613B8EC26006F208B /* Build configuration list for PBXNativeTarget "RestKitDevTests" */ = {
			isa = XCConfigurationList;
			buildConfigurations = (
				20250DE713B8EC26006F208B /* Debug */,
				20250DE813B8EC26006F208B /* Release */,
			);
			defaultConfigurationIsVisible = 0;
			defaultConfigurationName = Release;
		};
/* End XCConfigurationList section */

/* Begin XCVersionGroup section */
		20250DB913B8EC26006F208B /* RestKitDev.xcdatamodeld */ = {
			isa = XCVersionGroup;
			children = (
				20250DBA13B8EC26006F208B /* RestKitDev.xcdatamodel */,
			);
			currentVersion = 20250DBA13B8EC26006F208B /* RestKitDev.xcdatamodel */;
			path = RestKitDev.xcdatamodeld;
			sourceTree = "<group>";
			versionGroupType = wrapper.xcdatamodel;
		};
/* End XCVersionGroup section */
	};
	rootObject = 20250D9813B8EC26006F208B /* Project object */;
}
